// !$*UTF8*$!
{
	archiveVersion = 1;
	classes = {
	};
	objectVersion = 50;
	objects = {

/* Begin PBXBuildFile section */
		CED3C8D72224851500B806F0 /* AppDelegate.swift in Sources */ = {isa = PBXBuildFile; fileRef = CED3C8D62224851500B806F0 /* AppDelegate.swift */; };
		CED3C8DC2224851500B806F0 /* Main.storyboard in Resources */ = {isa = PBXBuildFile; fileRef = CED3C8DA2224851500B806F0 /* Main.storyboard */; };
		CED3C8DE2224851600B806F0 /* Assets.xcassets in Resources */ = {isa = PBXBuildFile; fileRef = CED3C8DD2224851600B806F0 /* Assets.xcassets */; };
		CED3C8E12224851600B806F0 /* LaunchScreen.storyboard in Resources */ = {isa = PBXBuildFile; fileRef = CED3C8DF2224851600B806F0 /* LaunchScreen.storyboard */; };
		CED3C8EB222485BA00B806F0 /* CloudKit.framework in Frameworks */ = {isa = PBXBuildFile; fileRef = CED3C8EA222485BA00B806F0 /* CloudKit.framework */; };
		CED3C8ED2224860600B806F0 /* Entry.swift in Sources */ = {isa = PBXBuildFile; fileRef = CED3C8EC2224860600B806F0 /* Entry.swift */; };
		CED3C8F222248EF000B806F0 /* EntryController.swift in Sources */ = {isa = PBXBuildFile; fileRef = CED3C8F122248EF000B806F0 /* EntryController.swift */; };
		CED3C8F522249D5900B806F0 /* EntryListTableViewController.swift in Sources */ = {isa = PBXBuildFile; fileRef = CED3C8F422249D5900B806F0 /* EntryListTableViewController.swift */; };
		CED3C8F82224A11000B806F0 /* EntryDetailViewController.swift in Sources */ = {isa = PBXBuildFile; fileRef = CED3C8F72224A11000B806F0 /* EntryDetailViewController.swift */; };
/* End PBXBuildFile section */

/* Begin PBXFileReference section */
		CED3C8D32224851500B806F0 /* CloudKitJournal.app */ = {isa = PBXFileReference; explicitFileType = wrapper.application; includeInIndex = 0; path = CloudKitJournal.app; sourceTree = BUILT_PRODUCTS_DIR; };
		CED3C8D62224851500B806F0 /* AppDelegate.swift */ = {isa = PBXFileReference; lastKnownFileType = sourcecode.swift; path = AppDelegate.swift; sourceTree = "<group>"; };
		CED3C8DB2224851500B806F0 /* Base */ = {isa = PBXFileReference; lastKnownFileType = file.storyboard; name = Base; path = Base.lproj/Main.storyboard; sourceTree = "<group>"; };
		CED3C8DD2224851600B806F0 /* Assets.xcassets */ = {isa = PBXFileReference; lastKnownFileType = folder.assetcatalog; path = Assets.xcassets; sourceTree = "<group>"; };
		CED3C8E02224851600B806F0 /* Base */ = {isa = PBXFileReference; lastKnownFileType = file.storyboard; name = Base; path = Base.lproj/LaunchScreen.storyboard; sourceTree = "<group>"; };
		CED3C8E22224851600B806F0 /* Info.plist */ = {isa = PBXFileReference; lastKnownFileType = text.plist.xml; path = Info.plist; sourceTree = "<group>"; };
		CED3C8E82224852500B806F0 /* CloudKitJournal.entitlements */ = {isa = PBXFileReference; lastKnownFileType = text.plist.entitlements; path = CloudKitJournal.entitlements; sourceTree = "<group>"; };
		CED3C8EA222485BA00B806F0 /* CloudKit.framework */ = {isa = PBXFileReference; lastKnownFileType = wrapper.framework; name = CloudKit.framework; path = System/Library/Frameworks/CloudKit.framework; sourceTree = SDKROOT; };
		CED3C8EC2224860600B806F0 /* Entry.swift */ = {isa = PBXFileReference; lastKnownFileType = sourcecode.swift; path = Entry.swift; sourceTree = "<group>"; };
		CED3C8F122248EF000B806F0 /* EntryController.swift */ = {isa = PBXFileReference; lastKnownFileType = sourcecode.swift; path = EntryController.swift; sourceTree = "<group>"; };
		CED3C8F422249D5900B806F0 /* EntryListTableViewController.swift */ = {isa = PBXFileReference; lastKnownFileType = sourcecode.swift; path = EntryListTableViewController.swift; sourceTree = "<group>"; };
		CED3C8F72224A11000B806F0 /* EntryDetailViewController.swift */ = {isa = PBXFileReference; lastKnownFileType = sourcecode.swift; path = EntryDetailViewController.swift; sourceTree = "<group>"; };
/* End PBXFileReference section */

/* Begin PBXFrameworksBuildPhase section */
		CED3C8D02224851500B806F0 /* Frameworks */ = {
			isa = PBXFrameworksBuildPhase;
			buildActionMask = 2147483647;
			files = (
				CED3C8EB222485BA00B806F0 /* CloudKit.framework in Frameworks */,
			);
			runOnlyForDeploymentPostprocessing = 0;
		};
/* End PBXFrameworksBuildPhase section */

/* Begin PBXGroup section */
		CED3C8CA2224851500B806F0 = {
			isa = PBXGroup;
			children = (
				CED3C8D52224851500B806F0 /* CloudKitJournal */,
				CED3C8D42224851500B806F0 /* Products */,
				CED3C8E9222485BA00B806F0 /* Frameworks */,
			);
			sourceTree = "<group>";
		};
		CED3C8D42224851500B806F0 /* Products */ = {
			isa = PBXGroup;
			children = (
				CED3C8D32224851500B806F0 /* CloudKitJournal.app */,
			);
			name = Products;
			sourceTree = "<group>";
		};
		CED3C8D52224851500B806F0 /* CloudKitJournal */ = {
			isa = PBXGroup;
			children = (
				CED3C8E82224852500B806F0 /* CloudKitJournal.entitlements */,
				CED3C8F022248E8700B806F0 /* Resources */,
				CED3C8EF22248E7400B806F0 /* Views */,
				CED3C8EE22248E6500B806F0 /* Model */,
				CED3C8F32224977A00B806F0 /* ModelControllers */,
				CED3C8F622249DE800B806F0 /* ViewControllers */,
			);
			path = CloudKitJournal;
			sourceTree = "<group>";
		};
		CED3C8E9222485BA00B806F0 /* Frameworks */ = {
			isa = PBXGroup;
			children = (
				CED3C8EA222485BA00B806F0 /* CloudKit.framework */,
			);
			name = Frameworks;
			sourceTree = "<group>";
		};
		CED3C8EE22248E6500B806F0 /* Model */ = {
			isa = PBXGroup;
			children = (
				CED3C8EC2224860600B806F0 /* Entry.swift */,
			);
			path = Model;
			sourceTree = "<group>";
		};
		CED3C8EF22248E7400B806F0 /* Views */ = {
			isa = PBXGroup;
			children = (
				CED3C8DF2224851600B806F0 /* LaunchScreen.storyboard */,
				CED3C8DA2224851500B806F0 /* Main.storyboard */,
			);
			path = Views;
			sourceTree = "<group>";
		};
		CED3C8F022248E8700B806F0 /* Resources */ = {
			isa = PBXGroup;
			children = (
				CED3C8D62224851500B806F0 /* AppDelegate.swift */,
				CED3C8DD2224851600B806F0 /* Assets.xcassets */,
				CED3C8E22224851600B806F0 /* Info.plist */,
			);
			path = Resources;
			sourceTree = "<group>";
		};
		CED3C8F32224977A00B806F0 /* ModelControllers */ = {
			isa = PBXGroup;
			children = (
				CED3C8F122248EF000B806F0 /* EntryController.swift */,
			);
			path = ModelControllers;
			sourceTree = "<group>";
		};
		CED3C8F622249DE800B806F0 /* ViewControllers */ = {
			isa = PBXGroup;
			children = (
				CED3C8F422249D5900B806F0 /* EntryListTableViewController.swift */,
				CED3C8F72224A11000B806F0 /* EntryDetailViewController.swift */,
			);
			path = ViewControllers;
			sourceTree = "<group>";
		};
/* End PBXGroup section */

/* Begin PBXNativeTarget section */
		CED3C8D22224851500B806F0 /* CloudKitJournal */ = {
			isa = PBXNativeTarget;
			buildConfigurationList = CED3C8E52224851600B806F0 /* Build configuration list for PBXNativeTarget "CloudKitJournal" */;
			buildPhases = (
				CED3C8CF2224851500B806F0 /* Sources */,
				CED3C8D02224851500B806F0 /* Frameworks */,
				CED3C8D12224851500B806F0 /* Resources */,
			);
			buildRules = (
			);
			dependencies = (
			);
			name = CloudKitJournal;
			productName = CloudKitJournal;
			productReference = CED3C8D32224851500B806F0 /* CloudKitJournal.app */;
			productType = "com.apple.product-type.application";
		};
/* End PBXNativeTarget section */

/* Begin PBXProject section */
		CED3C8CB2224851500B806F0 /* Project object */ = {
			isa = PBXProject;
			attributes = {
				LastSwiftUpdateCheck = 1010;
				LastUpgradeCheck = 1010;
				ORGANIZATIONNAME = User;
				TargetAttributes = {
					CED3C8D22224851500B806F0 = {
						CreatedOnToolsVersion = 10.1;
						SystemCapabilities = {
							com.apple.Push = {
								enabled = 1;
							};
							com.apple.iCloud = {
								enabled = 1;
							};
						};
					};
				};
			};
			buildConfigurationList = CED3C8CE2224851500B806F0 /* Build configuration list for PBXProject "CloudKitJournal" */;
			compatibilityVersion = "Xcode 9.3";
			developmentRegion = en;
			hasScannedForEncodings = 0;
			knownRegions = (
				en,
				Base,
			);
			mainGroup = CED3C8CA2224851500B806F0;
			productRefGroup = CED3C8D42224851500B806F0 /* Products */;
			projectDirPath = "";
			projectRoot = "";
			targets = (
				CED3C8D22224851500B806F0 /* CloudKitJournal */,
			);
		};
/* End PBXProject section */

/* Begin PBXResourcesBuildPhase section */
		CED3C8D12224851500B806F0 /* Resources */ = {
			isa = PBXResourcesBuildPhase;
			buildActionMask = 2147483647;
			files = (
				CED3C8E12224851600B806F0 /* LaunchScreen.storyboard in Resources */,
				CED3C8DE2224851600B806F0 /* Assets.xcassets in Resources */,
				CED3C8DC2224851500B806F0 /* Main.storyboard in Resources */,
			);
			runOnlyForDeploymentPostprocessing = 0;
		};
/* End PBXResourcesBuildPhase section */

/* Begin PBXSourcesBuildPhase section */
		CED3C8CF2224851500B806F0 /* Sources */ = {
			isa = PBXSourcesBuildPhase;
			buildActionMask = 2147483647;
			files = (
				CED3C8F222248EF000B806F0 /* EntryController.swift in Sources */,
				CED3C8ED2224860600B806F0 /* Entry.swift in Sources */,
				CED3C8F522249D5900B806F0 /* EntryListTableViewController.swift in Sources */,
				CED3C8F82224A11000B806F0 /* EntryDetailViewController.swift in Sources */,
				CED3C8D72224851500B806F0 /* AppDelegate.swift in Sources */,
			);
			runOnlyForDeploymentPostprocessing = 0;
		};
/* End PBXSourcesBuildPhase section */

/* Begin PBXVariantGroup section */
		CED3C8DA2224851500B806F0 /* Main.storyboard */ = {
			isa = PBXVariantGroup;
			children = (
				CED3C8DB2224851500B806F0 /* Base */,
			);
			name = Main.storyboard;
			sourceTree = "<group>";
		};
		CED3C8DF2224851600B806F0 /* LaunchScreen.storyboard */ = {
			isa = PBXVariantGroup;
			children = (
				CED3C8E02224851600B806F0 /* Base */,
			);
			name = LaunchScreen.storyboard;
			sourceTree = "<group>";
		};
/* End PBXVariantGroup section */

/* Begin XCBuildConfiguration section */
		CED3C8E32224851600B806F0 /* Debug */ = {
			isa = XCBuildConfiguration;
			buildSettings = {
				ALWAYS_SEARCH_USER_PATHS = NO;
				CLANG_ANALYZER_NONNULL = YES;
				CLANG_ANALYZER_NUMBER_OBJECT_CONVERSION = YES_AGGRESSIVE;
				CLANG_CXX_LANGUAGE_STANDARD = "gnu++14";
				CLANG_CXX_LIBRARY = "libc++";
				CLANG_ENABLE_MODULES = YES;
				CLANG_ENABLE_OBJC_ARC = YES;
				CLANG_ENABLE_OBJC_WEAK = YES;
				CLANG_WARN_BLOCK_CAPTURE_AUTORELEASING = YES;
				CLANG_WARN_BOOL_CONVERSION = YES;
				CLANG_WARN_COMMA = YES;
				CLANG_WARN_CONSTANT_CONVERSION = YES;
				CLANG_WARN_DEPRECATED_OBJC_IMPLEMENTATIONS = YES;
				CLANG_WARN_DIRECT_OBJC_ISA_USAGE = YES_ERROR;
				CLANG_WARN_DOCUMENTATION_COMMENTS = YES;
				CLANG_WARN_EMPTY_BODY = YES;
				CLANG_WARN_ENUM_CONVERSION = YES;
				CLANG_WARN_INFINITE_RECURSION = YES;
				CLANG_WARN_INT_CONVERSION = YES;
				CLANG_WARN_NON_LITERAL_NULL_CONVERSION = YES;
				CLANG_WARN_OBJC_IMPLICIT_RETAIN_SELF = YES;
				CLANG_WARN_OBJC_LITERAL_CONVERSION = YES;
				CLANG_WARN_OBJC_ROOT_CLASS = YES_ERROR;
				CLANG_WARN_RANGE_LOOP_ANALYSIS = YES;
				CLANG_WARN_STRICT_PROTOTYPES = YES;
				CLANG_WARN_SUSPICIOUS_MOVE = YES;
				CLANG_WARN_UNGUARDED_AVAILABILITY = YES_AGGRESSIVE;
				CLANG_WARN_UNREACHABLE_CODE = YES;
				CLANG_WARN__DUPLICATE_METHOD_MATCH = YES;
				CODE_SIGN_IDENTITY = "iPhone Developer";
				COPY_PHASE_STRIP = NO;
				DEBUG_INFORMATION_FORMAT = dwarf;
				ENABLE_STRICT_OBJC_MSGSEND = YES;
				ENABLE_TESTABILITY = YES;
				GCC_C_LANGUAGE_STANDARD = gnu11;
				GCC_DYNAMIC_NO_PIC = NO;
				GCC_NO_COMMON_BLOCKS = YES;
				GCC_OPTIMIZATION_LEVEL = 0;
				GCC_PREPROCESSOR_DEFINITIONS = (
					"DEBUG=1",
					"$(inherited)",
				);
				GCC_WARN_64_TO_32_BIT_CONVERSION = YES;
				GCC_WARN_ABOUT_RETURN_TYPE = YES_ERROR;
				GCC_WARN_UNDECLARED_SELECTOR = YES;
				GCC_WARN_UNINITIALIZED_AUTOS = YES_AGGRESSIVE;
				GCC_WARN_UNUSED_FUNCTION = YES;
				GCC_WARN_UNUSED_VARIABLE = YES;
				IPHONEOS_DEPLOYMENT_TARGET = 12.1;
				MTL_ENABLE_DEBUG_INFO = INCLUDE_SOURCE;
				MTL_FAST_MATH = YES;
				ONLY_ACTIVE_ARCH = YES;
				SDKROOT = iphoneos;
				SWIFT_ACTIVE_COMPILATION_CONDITIONS = DEBUG;
				SWIFT_OPTIMIZATION_LEVEL = "-Onone";
			};
			name = Debug;
		};
		CED3C8E42224851600B806F0 /* Release */ = {
			isa = XCBuildConfiguration;
			buildSettings = {
				ALWAYS_SEARCH_USER_PATHS = NO;
				CLANG_ANALYZER_NONNULL = YES;
				CLANG_ANALYZER_NUMBER_OBJECT_CONVERSION = YES_AGGRESSIVE;
				CLANG_CXX_LANGUAGE_STANDARD = "gnu++14";
				CLANG_CXX_LIBRARY = "libc++";
				CLANG_ENABLE_MODULES = YES;
				CLANG_ENABLE_OBJC_ARC = YES;
				CLANG_ENABLE_OBJC_WEAK = YES;
				CLANG_WARN_BLOCK_CAPTURE_AUTORELEASING = YES;
				CLANG_WARN_BOOL_CONVERSION = YES;
				CLANG_WARN_COMMA = YES;
				CLANG_WARN_CONSTANT_CONVERSION = YES;
				CLANG_WARN_DEPRECATED_OBJC_IMPLEMENTATIONS = YES;
				CLANG_WARN_DIRECT_OBJC_ISA_USAGE = YES_ERROR;
				CLANG_WARN_DOCUMENTATION_COMMENTS = YES;
				CLANG_WARN_EMPTY_BODY = YES;
				CLANG_WARN_ENUM_CONVERSION = YES;
				CLANG_WARN_INFINITE_RECURSION = YES;
				CLANG_WARN_INT_CONVERSION = YES;
				CLANG_WARN_NON_LITERAL_NULL_CONVERSION = YES;
				CLANG_WARN_OBJC_IMPLICIT_RETAIN_SELF = YES;
				CLANG_WARN_OBJC_LITERAL_CONVERSION = YES;
				CLANG_WARN_OBJC_ROOT_CLASS = YES_ERROR;
				CLANG_WARN_RANGE_LOOP_ANALYSIS = YES;
				CLANG_WARN_STRICT_PROTOTYPES = YES;
				CLANG_WARN_SUSPICIOUS_MOVE = YES;
				CLANG_WARN_UNGUARDED_AVAILABILITY = YES_AGGRESSIVE;
				CLANG_WARN_UNREACHABLE_CODE = YES;
				CLANG_WARN__DUPLICATE_METHOD_MATCH = YES;
				CODE_SIGN_IDENTITY = "iPhone Developer";
				COPY_PHASE_STRIP = NO;
				DEBUG_INFORMATION_FORMAT = "dwarf-with-dsym";
				ENABLE_NS_ASSERTIONS = NO;
				ENABLE_STRICT_OBJC_MSGSEND = YES;
				GCC_C_LANGUAGE_STANDARD = gnu11;
				GCC_NO_COMMON_BLOCKS = YES;
				GCC_WARN_64_TO_32_BIT_CONVERSION = YES;
				GCC_WARN_ABOUT_RETURN_TYPE = YES_ERROR;
				GCC_WARN_UNDECLARED_SELECTOR = YES;
				GCC_WARN_UNINITIALIZED_AUTOS = YES_AGGRESSIVE;
				GCC_WARN_UNUSED_FUNCTION = YES;
				GCC_WARN_UNUSED_VARIABLE = YES;
				IPHONEOS_DEPLOYMENT_TARGET = 12.1;
				MTL_ENABLE_DEBUG_INFO = NO;
				MTL_FAST_MATH = YES;
				SDKROOT = iphoneos;
				SWIFT_COMPILATION_MODE = wholemodule;
				SWIFT_OPTIMIZATION_LEVEL = "-O";
				VALIDATE_PRODUCT = YES;
			};
			name = Release;
		};
		CED3C8E62224851600B806F0 /* Debug */ = {
			isa = XCBuildConfiguration;
			buildSettings = {
				ASSETCATALOG_COMPILER_APPICON_NAME = AppIcon;
				CODE_SIGN_ENTITLEMENTS = CloudKitJournal/CloudKitJournal.entitlements;
				CODE_SIGN_STYLE = Automatic;
				DEVELOPMENT_TEAM = 3DMFD3YYQW;
				INFOPLIST_FILE = "$(SRCROOT)/CloudKitJournal/Resources/Info.plist";
				LD_RUNPATH_SEARCH_PATHS = (
					"$(inherited)",
					"@executable_path/Frameworks",
				);
				PRODUCT_BUNDLE_IDENTIFIER = com.checklists.CloudKitJournal;
				PRODUCT_NAME = "$(TARGET_NAME)";
				SWIFT_VERSION = 4.2;
				TARGETED_DEVICE_FAMILY = "1,2";
			};
			name = Debug;
		};
		CED3C8E72224851600B806F0 /* Release */ = {
			isa = XCBuildConfiguration;
			buildSettings = {
				ASSETCATALOG_COMPILER_APPICON_NAME = AppIcon;
				CODE_SIGN_ENTITLEMENTS = CloudKitJournal/CloudKitJournal.entitlements;
				CODE_SIGN_STYLE = Automatic;
				DEVELOPMENT_TEAM = 3DMFD3YYQW;
				INFOPLIST_FILE = "$(SRCROOT)/CloudKitJournal/Resources/Info.plist";
				LD_RUNPATH_SEARCH_PATHS = (
					"$(inherited)",
					"@executable_path/Frameworks",
				);
				PRODUCT_BUNDLE_IDENTIFIER = com.checklists.CloudKitJournal;
				PRODUCT_NAME = "$(TARGET_NAME)";
				SWIFT_VERSION = 4.2;
				TARGETED_DEVICE_FAMILY = "1,2";
			};
			name = Release;
		};
/* End XCBuildConfiguration section */

/* Begin XCConfigurationList section */
		CED3C8CE2224851500B806F0 /* Build configuration list for PBXProject "CloudKitJournal" */ = {
			isa = XCConfigurationList;
			buildConfigurations = (
				CED3C8E32224851600B806F0 /* Debug */,
				CED3C8E42224851600B806F0 /* Release */,
			);
			defaultConfigurationIsVisible = 0;
			defaultConfigurationName = Release;
		};
		CED3C8E52224851600B806F0 /* Build configuration list for PBXNativeTarget "CloudKitJournal" */ = {
			isa = XCConfigurationList;
			buildConfigurations = (
				CED3C8E62224851600B806F0 /* Debug */,
				CED3C8E72224851600B806F0 /* Release */,
			);
			defaultConfigurationIsVisible = 0;
			defaultConfigurationName = Release;
		};
/* End XCConfigurationList section */
	};
	rootObject = CED3C8CB2224851500B806F0 /* Project object */;
}
